# THIS IS AN AUTOGENERATED FILE. DO NOT EDIT THIS FILE DIRECTLY.
# yarn lockfile v1


"@anthropic-ai/claude-agent-sdk-darwin-arm64@0.3.210":
  version "0.3.210"
  resolved "https://registry.yarnpkg.com/@anthropic-ai/claude-agent-sdk-darwin-arm64/-/claude-agent-sdk-darwin-arm64-0.3.210.tgz#253fad2a18653802b562150bf6de64192f9a6fa4"
  integrity sha512-twQYlDQvVf0ilWQuvwZ8RcglizPNZt9Xyi10IhxDQEGm7bmYFTB0OUAIVKsYMlL1vjI9ZLCdNyPovo9FCaiehw==

"@anthropic-ai/claude-agent-sdk-darwin-x64@0.3.210":
  version "0.3.210"
  resolved "https://registry.yarnpkg.com/@anthropic-ai/claude-agent-sdk-darwin-x64/-/claude-agent-sdk-darwin-x64-0.3.210.tgz#9d899cd24a59a972da739b1088fa05336cd074ce"
  integrity sha512-QcBJIphqHbPJtV0f9UOU8KJPeDLKjgNmPUMQZCW/aVYs09b2rFGTp6x0QqJ6qGzDc0MDRa3gZre07TjklGES5g==

"@anthropic-ai/claude-agent-sdk-linux-arm64-musl@0.3.210":
  version "0.3.210"
  resolved "https://registry.yarnpkg.com/@anthropic-ai/claude-agent-sdk-linux-arm64-musl/-/claude-agent-sdk-linux-arm64-musl-0.3.210.tgz#890bddaee4352e5c12531e161d3922b36c6ef01c"
  integrity sha512-PSI9VzaYxhmkNdyiICknGRHA7xPARTXn8rHjhcOqGgMv2gRipxeFIBa/bZAhc+bG6rLFSG9P6S71c1n1hg630w==

"@anthropic-ai/claude-agent-sdk-linux-arm64@0.3.210":
  version "0.3.210"
  resolved "https://registry.yarnpkg.com/@anthropic-ai/claude-agent-sdk-linux-arm64/-/claude-agent-sdk-linux-arm64-0.3.210.tgz#4892c750678ea5ec18b185a58486197e37b37ee5"
  integrity sha512-jY+7Thi+XJREKOSPfW4zr95XNIInHOkzgZ7/jIL6I9v5YQlbmcaYiBjh/zXNDPnjwZHeZkbudsaiF8Lxfej6ww==

"@anthropic-ai/claude-agent-sdk-linux-x64-musl@0.3.210":
  version "0.3.210"
  resolved "https://registry.yarnpkg.com/@anthropic-ai/claude-agent-sdk-linux-x64-musl/-/claude-agent-sdk-linux-x64-musl-0.3.210.tgz#59593fab06bbc7d5febaa7dcecfe6ffc753dc502"
  integrity sha512-OVlYOr3rZIQhue4cuwe/185Uw+eKhPpNSYk873QcI/39nEtGe51aKQvjccKxedEQedt9lDpBwv0hegyfw0/99w==

"@anthropic-ai/claude-agent-sdk-linux-x64@0.3.210":
  version "0.3.210"
  resolved "https://registry.yarnpkg.com/@anthropic-ai/claude-agent-sdk-linux-x64/-/claude-agent-sdk-linux-x64-0.3.210.tgz#f1075759d93de171bd852a048944bd0f030c1a1c"
  integrity sha512-uk+tVP0fJm9e2PTyW2ps1WSl3BrABcqTT6vhZVUMX0ccMFoAGEsIpBTyc5BjyFYLkCRWCK+i6GCT4+0MDiWnEQ==

"@anthropic-ai/claude-agent-sdk-win32-arm64@0.3.210":
  version "0.3.210"
  resolved "https://registry.yarnpkg.com/@anthropic-ai/claude-agent-sdk-win32-arm64/-/claude-agent-sdk-win32-arm64-0.3.210.tgz#beacaefc31d81a8688238c45cc9960c324bf089d"
  integrity sha512-IHgcG7wx72AVV3UpJgnTIJYL1sbl9wjPUieEEBCzytwkLEhuRnN009dXxt6RGc3F9gOtmE4Dct7iFae3OPjvsA==

"@anthropic-ai/claude-agent-sdk-win32-x64@0.3.210":
  version "0.3.210"
  resolved "https://registry.yarnpkg.com/@anthropic-ai/claude-agent-sdk-win32-x64/-/claude-agent-sdk-win32-x64-0.3.210.tgz#42d06d746978a2abef07b8a03d9f96da91a24250"
  integrity sha512-FwhWDbNpbSJWHZ7e4Y62J1TEy1mUeDXbJ22RgSfh423UCFztGPhgUlz/YDEjFx30x/CDU7g9YsViqjGeN4PlAg==

"@anthropic-ai/claude-agent-sdk@^0.3.210":
  version "0.3.210"
  resolved "https://registry.yarnpkg.com/@anthropic-ai/claude-agent-sdk/-/claude-agent-sdk-0.3.210.tgz#27ea5911dc6b77f4dff6c880fc13eaa6e0920d41"
  integrity sha512-siEV0CMN8N02wA3r1kUsiBc5Il1Qv2M761eFKq5q2vsAbsWSicjQI6mCVFj73tge4CuDy51oRSXz3CLrjtjSNA==
  optionalDependencies:
    "@anthropic-ai/claude-agent-sdk-darwin-arm64" "0.3.210"
    "@anthropic-ai/claude-agent-sdk-darwin-x64" "0.3.210"
    "@anthropic-ai/claude-agent-sdk-linux-arm64" "0.3.210"
    "@anthropic-ai/claude-agent-sdk-linux-arm64-musl" "0.3.210"
    "@anthropic-ai/claude-agent-sdk-linux-x64" "0.3.210"
    "@anthropic-ai/claude-agent-sdk-linux-x64-musl" "0.3.210"
    "@anthropic-ai/claude-agent-sdk-win32-arm64" "0.3.210"
    "@anthropic-ai/claude-agent-sdk-win32-x64" "0.3.210"

eventemitter3@^4.0.4:
  version "4.0.7"
  resolved "https://registry.yarnpkg.com/eventemitter3/-/eventemitter3-4.0.7.tgz#2de9b68f6528d5644ef5c59526a1b4a07306169f"
  integrity sha512-8guHBZCwKnFhYdHr2ysuRWErTwhoN2X8XELRlrRwpmfeY2jjuUN4taQMsULKUVo1K4DvZl+0pgfyoysHxvmvEw==

langsmith@^0.8.2:
  version "0.8.2"
  resolved "https://registry.yarnpkg.com/langsmith/-/langsmith-0.8.2.tgz#2aaa88108d9e13921259bfcf2f55d90ba1062a01"
  integrity sha512-WX85yuL9vHAFIXJ4Nde/2VsjZT5o6FzX617uKDGtcgMojPe+IM6lgiZeVagv/egC79bQS9HPKVD/UPe/6zGFPg==
  dependencies:
    p-queue "6.6.2"

p-finally@^1.0.0:
  version "1.0.0"
  resolved "https://registry.yarnpkg.com/p-finally/-/p-finally-1.0.0.tgz#3fbcfb15b899a44123b34b6dcc18b724336a2cae"
  integrity sha512-LICb2p9CB7FS+0eR1oqWnHhp0FljGLZCWBE9aix0Uye9W8LTQPwMTYVGWQWIw9RdQiDg4+epXQODwIYJtSJaow==

p-queue@6.6.2:
  version "6.6.2"
  resolved "https://registry.yarnpkg.com/p-queue/-/p-queue-6.6.2.tgz#2068a9dcf8e67dd0ec3e7a2bcb76810faa85e426"
  integrity sha512-RwFpb72c/BhQLEXIZ5K2e+AhgNVmIejGlTgiB9MzZ0e93GRvqZ7uSi0dvRF7/XIXDeNkra2fNHBxTyPDGySpjQ==
  dependencies:
    eventemitter3 "^4.0.4"
    p-timeout "^3.2.0"

p-timeout@^3.2.0:
  version "3.2.0"
  resolved "https://registry.yarnpkg.com/p-timeout/-/p-timeout-3.2.0.tgz#c7e17abc971d2a7962ef83626b35d635acf23dfe"
  integrity sha512-rhIwUycgwwKcP9yTOOFK/AKsAopjjCakVqLHePO3CC6Mir1Z99xT+R63jZxAT5lFZLa2inS5h+ZS2GvR99/FBg==
  dependencies:
    p-finally "^1.0.0"

zod@^4.4.3:
  version "4.4.3"
  resolved "https://registry.yarnpkg.com/zod/-/zod-4.4.3.tgz#b680f172885d18bbebf21a834ea25e55a1bbf356"
  integrity sha512-ytENFjIJFl2UwYglde2jchW2Hwm4GJFLDiSXWdTrJQBIN9Fcyp7n4DhxJEiWNAJMV1/BqWfW/kkg71UDcHJyTQ==
